
Microsoft Visual Studio Solution File, Format Version 12.00
# Visual Studio Version 16
VisualStudioVersion = 16.0.30413.136
MinimumVisualStudioVersion = 10.0.40219.1
Project("{FAE04EC0-301F-11D3-BF4B-00C04F79EFBC}") = "AplicacionBBDD", "AplicacionBBDD.csproj", "{C98888CB-D9FF-4F0A-B58D-9A500A8B2296}"
EndProject
Global
	GlobalSection(SolutionConfigurationPlatforms) = preSolution
		Debug|Any CPU = Debug|Any CPU
		Release|Any CPU = Release|Any CPU
	EndGlobalSection
	GlobalSection(ProjectConfigurationPlatforms) = postSolution
		{C98888CB-D9FF-4F0A-B58D-9A500A8B2296}.Debug|Any CPU.ActiveCfg = Debug|Any CPU
		{C98888CB-D9FF-4F0A-B58D-9A500A8B2296}.Debug|Any CPU.Build.0 = Debug|Any CPU
		{C98888CB-D9FF-4F0A-B58D-9A500A8B2296}.Release|Any CPU.ActiveCfg = Release|Any CPU
		{C98888CB-D9FF-4F0A-B58D-9A500A8B2296}.Release|Any CPU.Build.0 = Release|Any CPU
	EndGlobalSection
	GlobalSection(SolutionProperties) = preSolution
		HideSolutionNode = FALSE
	EndGlobalSection
	GlobalSection(ExtensibilityGlobals) = postSolution
		SolutionGuid = {68047191-1CF9-415F-9ED2-66BC9E4F4C11}
	EndGlobalSection
EndGlobal
